
Microsoft Visual Studio Solution File, Format Version 12.00
# Visual Studio 2013
VisualStudioVersion = 12.0.30501.0
MinimumVisualStudioVersion = 10.0.40219.1
Project("{FAE04EC0-301F-11D3-BF4B-00C04F79EFBC}") = "EveFortressOpenGL", "EveFortressOpenGL\EveFortressOpenGL.csproj", "{CC13EF4D-E300-4FBF-9277-31C239873045}"
EndProject
Project("{FAE04EC0-301F-11D3-BF4B-00C04F79EFBC}") = "EveFortressServer", "EveFortressServer\EveFortressServer.csproj", "{0E682D3E-9946-4900-8DF7-086DC643E72A}"
EndProject
Project("{FAE04EC0-301F-11D3-BF4B-00C04F79EFBC}") = "EveFortressModel", "EveFortressModel\EveFortressModel.csproj", "{470ADBC3-7015-4755-B1EC-A9F84B008538}"
EndProject
Project("{FAE04EC0-301F-11D3-BF4B-00C04F79EFBC}") = "Utils", "Utils\Utils.csproj", "{429AE3FA-574B-4225-9A00-190A484ADF6D}"
EndProject
Project("{FAE04EC0-301F-11D3-BF4B-00C04F79EFBC}") = "NetworkLibrary", "NetworkLibrary\NetworkLibrary.csproj", "{1A3B7D5E-8D68-4B95-8417-405050B31C80}"
EndProject
Project("{FAE04EC0-301F-11D3-BF4B-00C04F79EFBC}") = "Tests", "Tests\Tests.csproj", "{92CDC5EB-DC80-4D0A-8B44-4276FCF4417D}"
EndProject
Global
	GlobalSection(SolutionConfigurationPlatforms) = preSolution
		Debug|Any CPU = Debug|Any CPU
		Debug|Mixed Platforms = Debug|Mixed Platforms
		Debug|x86 = Debug|x86
		Release|Any CPU = Release|Any CPU
		Release|Mixed Platforms = Release|Mixed Platforms
		Release|x86 = Release|x86
	EndGlobalSection
	GlobalSection(ProjectConfigurationPlatforms) = postSolution
		{CC13EF4D-E300-4FBF-9277-31C239873045}.Debug|Any CPU.ActiveCfg = Debug|x86
		{CC13EF4D-E300-4FBF-9277-31C239873045}.Debug|Mixed Platforms.ActiveCfg = Debug|x86
		{CC13EF4D-E300-4FBF-9277-31C239873045}.Debug|Mixed Platforms.Build.0 = Debug|x86
		{CC13EF4D-E300-4FBF-9277-31C239873045}.Debug|x86.ActiveCfg = Debug|x86
		{CC13EF4D-E300-4FBF-9277-31C239873045}.Debug|x86.Build.0 = Debug|x86
		{CC13EF4D-E300-4FBF-9277-31C239873045}.Release|Any CPU.ActiveCfg = Release|x86
		{CC13EF4D-E300-4FBF-9277-31C239873045}.Release|Mixed Platforms.ActiveCfg = Release|x86
		{CC13EF4D-E300-4FBF-9277-31C239873045}.Release|Mixed Platforms.Build.0 = Release|x86
		{CC13EF4D-E300-4FBF-9277-31C239873045}.Release|x86.ActiveCfg = Release|x86
		{CC13EF4D-E300-4FBF-9277-31C239873045}.Release|x86.Build.0 = Release|x86
		{0E682D3E-9946-4900-8DF7-086DC643E72A}.Debug|Any CPU.ActiveCfg = Debug|Any CPU
		{0E682D3E-9946-4900-8DF7-086DC643E72A}.Debug|Any CPU.Build.0 = Debug|Any CPU
		{0E682D3E-9946-4900-8DF7-086DC643E72A}.Debug|Mixed Platforms.ActiveCfg = Debug|Any CPU
		{0E682D3E-9946-4900-8DF7-086DC643E72A}.Debug|Mixed Platforms.Build.0 = Debug|Any CPU
		{0E682D3E-9946-4900-8DF7-086DC643E72A}.Debug|x86.ActiveCfg = Debug|Any CPU
		{0E682D3E-9946-4900-8DF7-086DC643E72A}.Release|Any CPU.ActiveCfg = Release|Any CPU
		{0E682D3E-9946-4900-8DF7-086DC643E72A}.Release|Any CPU.Build.0 = Release|Any CPU
		{0E682D3E-9946-4900-8DF7-086DC643E72A}.Release|Mixed Platforms.ActiveCfg = Release|Any CPU
		{0E682D3E-9946-4900-8DF7-086DC643E72A}.Release|Mixed Platforms.Build.0 = Release|Any CPU
		{0E682D3E-9946-4900-8DF7-086DC643E72A}.Release|x86.ActiveCfg = Release|Any CPU
		{470ADBC3-7015-4755-B1EC-A9F84B008538}.Debug|Any CPU.ActiveCfg = Debug|Any CPU
		{470ADBC3-7015-4755-B1EC-A9F84B008538}.Debug|Any CPU.Build.0 = Debug|Any CPU
		{470ADBC3-7015-4755-B1EC-A9F84B008538}.Debug|Mixed Platforms.ActiveCfg = Debug|Any CPU
		{470ADBC3-7015-4755-B1EC-A9F84B008538}.Debug|Mixed Platforms.Build.0 = Debug|Any CPU
		{470ADBC3-7015-4755-B1EC-A9F84B008538}.Debug|x86.ActiveCfg = Debug|Any CPU
		{470ADBC3-7015-4755-B1EC-A9F84B008538}.Release|Any CPU.ActiveCfg = Release|Any CPU
		{470ADBC3-7015-4755-B1EC-A9F84B008538}.Release|Any CPU.Build.0 = Release|Any CPU
		{470ADBC3-7015-4755-B1EC-A9F84B008538}.Release|Mixed Platforms.ActiveCfg = Release|Any CPU
		{470ADBC3-7015-4755-B1EC-A9F84B008538}.Release|Mixed Platforms.Build.0 = Release|Any CPU
		{470ADBC3-7015-4755-B1EC-A9F84B008538}.Release|x86.ActiveCfg = Release|Any CPU
		{429AE3FA-574B-4225-9A00-190A484ADF6D}.Debug|Any CPU.ActiveCfg = Debug|Any CPU
		{429AE3FA-574B-4225-9A00-190A484ADF6D}.Debug|Any CPU.Build.0 = Debug|Any CPU
		{429AE3FA-574B-4225-9A00-190A484ADF6D}.Debug|Mixed Platforms.ActiveCfg = Debug|Any CPU
		{429AE3FA-574B-4225-9A00-190A484ADF6D}.Debug|Mixed Platforms.Build.0 = Debug|Any CPU
		{429AE3FA-574B-4225-9A00-190A484ADF6D}.Debug|x86.ActiveCfg = Debug|Any CPU
		{429AE3FA-574B-4225-9A00-190A484ADF6D}.Release|Any CPU.ActiveCfg = Release|Any CPU
		{429AE3FA-574B-4225-9A00-190A484ADF6D}.Release|Any CPU.Build.0 = Release|Any CPU
		{429AE3FA-574B-4225-9A00-190A484ADF6D}.Release|Mixed Platforms.ActiveCfg = Release|Any CPU
		{429AE3FA-574B-4225-9A00-190A484ADF6D}.Release|Mixed Platforms.Build.0 = Release|Any CPU
		{429AE3FA-574B-4225-9A00-190A484ADF6D}.Release|x86.ActiveCfg = Release|Any CPU
		{1A3B7D5E-8D68-4B95-8417-405050B31C80}.Debug|Any CPU.ActiveCfg = Debug|Any CPU
		{1A3B7D5E-8D68-4B95-8417-405050B31C80}.Debug|Any CPU.Build.0 = Debug|Any CPU
		{1A3B7D5E-8D68-4B95-8417-405050B31C80}.Debug|Mixed Platforms.ActiveCfg = Debug|Any CPU
		{1A3B7D5E-8D68-4B95-8417-405050B31C80}.Debug|Mixed Platforms.Build.0 = Debug|Any CPU
		{1A3B7D5E-8D68-4B95-8417-405050B31C80}.Debug|x86.ActiveCfg = Debug|Any CPU
		{1A3B7D5E-8D68-4B95-8417-405050B31C80}.Release|Any CPU.ActiveCfg = Release|Any CPU
		{1A3B7D5E-8D68-4B95-8417-405050B31C80}.Release|Any CPU.Build.0 = Release|Any CPU
		{1A3B7D5E-8D68-4B95-8417-405050B31C80}.Release|Mixed Platforms.ActiveCfg = Release|Any CPU
		{1A3B7D5E-8D68-4B95-8417-405050B31C80}.Release|Mixed Platforms.Build.0 = Release|Any CPU
		{1A3B7D5E-8D68-4B95-8417-405050B31C80}.Release|x86.ActiveCfg = Release|Any CPU
		{92CDC5EB-DC80-4D0A-8B44-4276FCF4417D}.Debug|Any CPU.ActiveCfg = Debug|Any CPU
		{92CDC5EB-DC80-4D0A-8B44-4276FCF4417D}.Debug|Any CPU.Build.0 = Debug|Any CPU
		{92CDC5EB-DC80-4D0A-8B44-4276FCF4417D}.Debug|Mixed Platforms.ActiveCfg = Debug|Any CPU
		{92CDC5EB-DC80-4D0A-8B44-4276FCF4417D}.Debug|Mixed Platforms.Build.0 = Debug|Any CPU
		{92CDC5EB-DC80-4D0A-8B44-4276FCF4417D}.Debug|x86.ActiveCfg = Debug|Any CPU
		{92CDC5EB-DC80-4D0A-8B44-4276FCF4417D}.Release|Any CPU.ActiveCfg = Release|Any CPU
		{92CDC5EB-DC80-4D0A-8B44-4276FCF4417D}.Release|Any CPU.Build.0 = Release|Any CPU
		{92CDC5EB-DC80-4D0A-8B44-4276FCF4417D}.Release|Mixed Platforms.ActiveCfg = Release|Any CPU
		{92CDC5EB-DC80-4D0A-8B44-4276FCF4417D}.Release|Mixed Platforms.Build.0 = Release|Any CPU
		{92CDC5EB-DC80-4D0A-8B44-4276FCF4417D}.Release|x86.ActiveCfg = Release|Any CPU
	EndGlobalSection
	GlobalSection(SolutionProperties) = preSolution
		HideSolutionNode = FALSE
	EndGlobalSection
EndGlobal
